
Microsoft Visual Studio Solution File, Format Version 12.00
# Visual Studio Version 17
VisualStudioVersion = 17.13.35913.81
MinimumVisualStudioVersion = 10.0.40219.1
Project("{8BC9CEB8-8B4A-11D0-8D11-00A0C91BC942}") = "tests", "tests\tests.vcxproj", "{7E8306EC-72AA-40D1-A411-E062D081E2BA}"
EndProject
Project("{8BC9CEB8-8B4A-11D0-8D11-00A0C91BC942}") = "welcome", "welcome\welcome.vcxproj", "{E0408463-C0CD-4ECA-8AF5-CA6E97C9882A}"
EndProject
Project("{8BC9CEB8-8B4A-11D0-8D11-00A0C91BC942}") = "physx", "physx\physx.vcxproj", "{533F54F6-068B-460C-93CE-C3EFF6E19265}"
EndProject
Project("{8BC9CEB8-8B4A-11D0-8D11-00A0C91BC942}") = "dcalc", "dcalc\dcalc.vcxproj", "{B9CCE6D0-E4BA-46F7-A6E9-87EEAC470714}"
EndProject
Project("{8BC9CEB8-8B4A-11D0-8D11-00A0C91BC942}") = "p1", "p1\p1.vcxproj", "{8AC6B26B-7602-4958-9DA4-EF42A56C5302}"
EndProject
Project("{8BC9CEB8-8B4A-11D0-8D11-00A0C91BC942}") = "ex3", "ex3\ex3.vcxproj", "{C979C1D4-AD91-4D0F-8CF5-523C2F22887B}"
EndProject
Project("{8BC9CEB8-8B4A-11D0-8D11-00A0C91BC942}") = "p2", "p2\p2.vcxproj", "{EB3A59CF-7CE2-4EAC-89A3-A32B9709B268}"
EndProject
Project("{8BC9CEB8-8B4A-11D0-8D11-00A0C91BC942}") = "ex2", "ex2\ex2.vcxproj", "{8906AE3B-AC7A-4D33-8403-12269A484B27}"
EndProject
Project("{8BC9CEB8-8B4A-11D0-8D11-00A0C91BC942}") = "ex1", "ex1\ex1.vcxproj", "{98410EEF-B98C-4E59-9DAD-7D743489F912}"
EndProject
Project("{8BC9CEB8-8B4A-11D0-8D11-00A0C91BC942}") = "po", "po\po.vcxproj", "{A0FB3E8C-1BFD-4691-8E03-A16F3303F9A6}"
EndProject
Global
	GlobalSection(SolutionConfigurationPlatforms) = preSolution
		Debug|x64 = Debug|x64
		Debug|x86 = Debug|x86
		Release|x64 = Release|x64
		Release|x86 = Release|x86
	EndGlobalSection
	GlobalSection(ProjectConfigurationPlatforms) = postSolution
		{7E8306EC-72AA-40D1-A411-E062D081E2BA}.Debug|x64.ActiveCfg = Debug|x64
		{7E8306EC-72AA-40D1-A411-E062D081E2BA}.Debug|x64.Build.0 = Debug|x64
		{7E8306EC-72AA-40D1-A411-E062D081E2BA}.Debug|x86.ActiveCfg = Debug|x64
		{7E8306EC-72AA-40D1-A411-E062D081E2BA}.Debug|x86.Build.0 = Debug|x64
		{7E8306EC-72AA-40D1-A411-E062D081E2BA}.Release|x64.ActiveCfg = Release|x64
		{7E8306EC-72AA-40D1-A411-E062D081E2BA}.Release|x64.Build.0 = Release|x64
		{7E8306EC-72AA-40D1-A411-E062D081E2BA}.Release|x86.ActiveCfg = Release|x64
		{7E8306EC-72AA-40D1-A411-E062D081E2BA}.Release|x86.Build.0 = Release|x64
		{E0408463-C0CD-4ECA-8AF5-CA6E97C9882A}.Debug|x64.ActiveCfg = Debug|x64
		{E0408463-C0CD-4ECA-8AF5-CA6E97C9882A}.Debug|x64.Build.0 = Debug|x64
		{E0408463-C0CD-4ECA-8AF5-CA6E97C9882A}.Debug|x86.ActiveCfg = Debug|x64
		{E0408463-C0CD-4ECA-8AF5-CA6E97C9882A}.Debug|x86.Build.0 = Debug|x64
		{E0408463-C0CD-4ECA-8AF5-CA6E97C9882A}.Release|x64.ActiveCfg = Release|x64
		{E0408463-C0CD-4ECA-8AF5-CA6E97C9882A}.Release|x64.Build.0 = Release|x64
		{E0408463-C0CD-4ECA-8AF5-CA6E97C9882A}.Release|x86.ActiveCfg = Release|x64
		{E0408463-C0CD-4ECA-8AF5-CA6E97C9882A}.Release|x86.Build.0 = Release|x64
		{533F54F6-068B-460C-93CE-C3EFF6E19265}.Debug|x64.ActiveCfg = Debug|x64
		{533F54F6-068B-460C-93CE-C3EFF6E19265}.Debug|x64.Build.0 = Debug|x64
		{533F54F6-068B-460C-93CE-C3EFF6E19265}.Debug|x86.ActiveCfg = Debug|x64
		{533F54F6-068B-460C-93CE-C3EFF6E19265}.Debug|x86.Build.0 = Debug|x64
		{533F54F6-068B-460C-93CE-C3EFF6E19265}.Release|x64.ActiveCfg = Release|x64
		{533F54F6-068B-460C-93CE-C3EFF6E19265}.Release|x64.Build.0 = Release|x64
		{533F54F6-068B-460C-93CE-C3EFF6E19265}.Release|x86.ActiveCfg = Release|x64
		{533F54F6-068B-460C-93CE-C3EFF6E19265}.Release|x86.Build.0 = Release|x64
		{B9CCE6D0-E4BA-46F7-A6E9-87EEAC470714}.Debug|x64.ActiveCfg = Debug|x64
		{B9CCE6D0-E4BA-46F7-A6E9-87EEAC470714}.Debug|x64.Build.0 = Debug|x64
		{B9CCE6D0-E4BA-46F7-A6E9-87EEAC470714}.Debug|x86.ActiveCfg = Debug|x64
		{B9CCE6D0-E4BA-46F7-A6E9-87EEAC470714}.Debug|x86.Build.0 = Debug|x64
		{B9CCE6D0-E4BA-46F7-A6E9-87EEAC470714}.Release|x64.ActiveCfg = Release|x64
		{B9CCE6D0-E4BA-46F7-A6E9-87EEAC470714}.Release|x64.Build.0 = Release|x64
		{B9CCE6D0-E4BA-46F7-A6E9-87EEAC470714}.Release|x86.ActiveCfg = Release|x64
		{B9CCE6D0-E4BA-46F7-A6E9-87EEAC470714}.Release|x86.Build.0 = Release|x64
		{8AC6B26B-7602-4958-9DA4-EF42A56C5302}.Debug|x64.ActiveCfg = Debug|x64
		{8AC6B26B-7602-4958-9DA4-EF42A56C5302}.Debug|x64.Build.0 = Debug|x64
		{8AC6B26B-7602-4958-9DA4-EF42A56C5302}.Debug|x86.ActiveCfg = Debug|x64
		{8AC6B26B-7602-4958-9DA4-EF42A56C5302}.Debug|x86.Build.0 = Debug|x64
		{8AC6B26B-7602-4958-9DA4-EF42A56C5302}.Release|x64.ActiveCfg = Release|x64
		{8AC6B26B-7602-4958-9DA4-EF42A56C5302}.Release|x64.Build.0 = Release|x64
		{8AC6B26B-7602-4958-9DA4-EF42A56C5302}.Release|x86.ActiveCfg = Release|x64
		{8AC6B26B-7602-4958-9DA4-EF42A56C5302}.Release|x86.Build.0 = Release|x64
		{C979C1D4-AD91-4D0F-8CF5-523C2F22887B}.Debug|x64.ActiveCfg = Debug|x64
		{C979C1D4-AD91-4D0F-8CF5-523C2F22887B}.Debug|x64.Build.0 = Debug|x64
		{C979C1D4-AD91-4D0F-8CF5-523C2F22887B}.Debug|x86.ActiveCfg = Debug|Win32
		{C979C1D4-AD91-4D0F-8CF5-523C2F22887B}.Debug|x86.Build.0 = Debug|Win32
		{C979C1D4-AD91-4D0F-8CF5-523C2F22887B}.Release|x64.ActiveCfg = Release|x64
		{C979C1D4-AD91-4D0F-8CF5-523C2F22887B}.Release|x64.Build.0 = Release|x64
		{C979C1D4-AD91-4D0F-8CF5-523C2F22887B}.Release|x86.ActiveCfg = Release|Win32
		{C979C1D4-AD91-4D0F-8CF5-523C2F22887B}.Release|x86.Build.0 = Release|Win32
		{EB3A59CF-7CE2-4EAC-89A3-A32B9709B268}.Debug|x64.ActiveCfg = Debug|x64
		{EB3A59CF-7CE2-4EAC-89A3-A32B9709B268}.Debug|x64.Build.0 = Debug|x64
		{EB3A59CF-7CE2-4EAC-89A3-A32B9709B268}.Debug|x86.ActiveCfg = Debug|Win32
		{EB3A59CF-7CE2-4EAC-89A3-A32B9709B268}.Debug|x86.Build.0 = Debug|Win32
		{EB3A59CF-7CE2-4EAC-89A3-A32B9709B268}.Release|x64.ActiveCfg = Release|x64
		{EB3A59CF-7CE2-4EAC-89A3-A32B9709B268}.Release|x64.Build.0 = Release|x64
		{EB3A59CF-7CE2-4EAC-89A3-A32B9709B268}.Release|x86.ActiveCfg = Release|Win32
		{EB3A59CF-7CE2-4EAC-89A3-A32B9709B268}.Release|x86.Build.0 = Release|Win32
		{8906AE3B-AC7A-4D33-8403-12269A484B27}.Debug|x64.ActiveCfg = Debug|x64
		{8906AE3B-AC7A-4D33-8403-12269A484B27}.Debug|x64.Build.0 = Debug|x64
		{8906AE3B-AC7A-4D33-8403-12269A484B27}.Debug|x86.ActiveCfg = Debug|Win32
		{8906AE3B-AC7A-4D33-8403-12269A484B27}.Debug|x86.Build.0 = Debug|Win32
		{8906AE3B-AC7A-4D33-8403-12269A484B27}.Release|x64.ActiveCfg = Release|x64
		{8906AE3B-AC7A-4D33-8403-12269A484B27}.Release|x64.Build.0 = Release|x64
		{8906AE3B-AC7A-4D33-8403-12269A484B27}.Release|x86.ActiveCfg = Release|Win32
		{8906AE3B-AC7A-4D33-8403-12269A484B27}.Release|x86.Build.0 = Release|Win32
		{98410EEF-B98C-4E59-9DAD-7D743489F912}.Debug|x64.ActiveCfg = Debug|x64
		{98410EEF-B98C-4E59-9DAD-7D743489F912}.Debug|x64.Build.0 = Debug|x64
		{98410EEF-B98C-4E59-9DAD-7D743489F912}.Debug|x86.ActiveCfg = Debug|Win32
		{98410EEF-B98C-4E59-9DAD-7D743489F912}.Debug|x86.Build.0 = Debug|Win32
		{98410EEF-B98C-4E59-9DAD-7D743489F912}.Release|x64.ActiveCfg = Release|x64
		{98410EEF-B98C-4E59-9DAD-7D743489F912}.Release|x64.Build.0 = Release|x64
		{98410EEF-B98C-4E59-9DAD-7D743489F912}.Release|x86.ActiveCfg = Release|Win32
		{98410EEF-B98C-4E59-9DAD-7D743489F912}.Release|x86.Build.0 = Release|Win32
		{A0FB3E8C-1BFD-4691-8E03-A16F3303F9A6}.Debug|x64.ActiveCfg = Debug|x64
		{A0FB3E8C-1BFD-4691-8E03-A16F3303F9A6}.Debug|x64.Build.0 = Debug|x64
		{A0FB3E8C-1BFD-4691-8E03-A16F3303F9A6}.Debug|x86.ActiveCfg = Debug|Win32
		{A0FB3E8C-1BFD-4691-8E03-A16F3303F9A6}.Debug|x86.Build.0 = Debug|Win32
		{A0FB3E8C-1BFD-4691-8E03-A16F3303F9A6}.Release|x64.ActiveCfg = Release|x64
		{A0FB3E8C-1BFD-4691-8E03-A16F3303F9A6}.Release|x64.Build.0 = Release|x64
		{A0FB3E8C-1BFD-4691-8E03-A16F3303F9A6}.Release|x86.ActiveCfg = Release|Win32
		{A0FB3E8C-1BFD-4691-8E03-A16F3303F9A6}.Release|x86.Build.0 = Release|Win32
	EndGlobalSection
	GlobalSection(SolutionProperties) = preSolution
		HideSolutionNode = FALSE
	EndGlobalSection
	GlobalSection(ExtensibilityGlobals) = postSolution
		SolutionGuid = {E50CCC82-D23E-42E0-9909-FF6C7DED793A}
	EndGlobalSection
EndGlobal
